
Microsoft Visual Studio Solution File, Format Version 12.00
# Visual Studio Version 17
VisualStudioVersion = 17.5.002.0
MinimumVisualStudioVersion = 10.0.40219.1
Project("{9A19103F-16F7-4668-BE54-9A1E7A4F7556}") = "task19", "task19.csproj", "{A4853D90-E5AE-431E-87AA-4E691FD51C44}"
EndProject
Global
	GlobalSection(SolutionConfigurationPlatforms) = preSolution
		Debug|Any CPU = Debug|Any CPU
		Release|Any CPU = Release|Any CPU
	EndGlobalSection
	GlobalSection(ProjectConfigurationPlatforms) = postSolution
		{A4853D90-E5AE-431E-87AA-4E691FD51C44}.Debug|Any CPU.ActiveCfg = Debug|Any CPU
		{A4853D90-E5AE-431E-87AA-4E691FD51C44}.Debug|Any CPU.Build.0 = Debug|Any CPU
		{A4853D90-E5AE-431E-87AA-4E691FD51C44}.Release|Any CPU.ActiveCfg = Release|Any CPU
		{A4853D90-E5AE-431E-87AA-4E691FD51C44}.Release|Any CPU.Build.0 = Release|Any CPU
	EndGlobalSection
	GlobalSection(SolutionProperties) = preSolution
		HideSolutionNode = FALSE
	EndGlobalSection
	GlobalSection(ExtensibilityGlobals) = postSolution
		SolutionGuid = {EF2A9B57-F399-449A-8508-52F6AAD83415}
	EndGlobalSection
EndGlobal
